// !$*UTF8*$!
{
	archiveVersion = 1;
	classes = {
	};
	objectVersion = 46;
	objects = {

/* Begin PBXBuildFile section */
		9A3475BB1B72F8B300D5F337 /* GameZoneModel.m in Sources */ = {isa = PBXBuildFile; fileRef = 9A3475BA1B72F8B300D5F337 /* GameZoneModel.m */; };
		9A3475BE1B730B7600D5F337 /* Fruit.m in Sources */ = {isa = PBXBuildFile; fileRef = 9A3475BD1B730B7600D5F337 /* Fruit.m */; };
		9A3475C21B734F6A00D5F337 /* YUSoundCenter.m in Sources */ = {isa = PBXBuildFile; fileRef = 9A3475C11B734F6A00D5F337 /* YUSoundCenter.m */; };
		9A5941661B71A9FD00DD0CE3 /* main.m in Sources */ = {isa = PBXBuildFile; fileRef = 9A5941651B71A9FD00DD0CE3 /* main.m */; };
		9A5941691B71A9FD00DD0CE3 /* AppDelegate.m in Sources */ = {isa = PBXBuildFile; fileRef = 9A5941681B71A9FD00DD0CE3 /* AppDelegate.m */; };
		9A59416C1B71A9FD00DD0CE3 /* Snake.xcdatamodeld in Sources */ = {isa = PBXBuildFile; fileRef = 9A59416A1B71A9FD00DD0CE3 /* Snake.xcdatamodeld */; };
		9A59416F1B71A9FD00DD0CE3 /* ViewController.m in Sources */ = {isa = PBXBuildFile; fileRef = 9A59416E1B71A9FD00DD0CE3 /* ViewController.m */; };
		9A5941741B71A9FE00DD0CE3 /* Images.xcassets in Resources */ = {isa = PBXBuildFile; fileRef = 9A5941731B71A9FE00DD0CE3 /* Images.xcassets */; };
		9A5941771B71A9FE00DD0CE3 /* LaunchScreen.xib in Resources */ = {isa = PBXBuildFile; fileRef = 9A5941751B71A9FE00DD0CE3 /* LaunchScreen.xib */; };
		9A5941831B71A9FE00DD0CE3 /* SnakeTests.m in Sources */ = {isa = PBXBuildFile; fileRef = 9A5941821B71A9FE00DD0CE3 /* SnakeTests.m */; };
		9A5941931B71AFAC00DD0CE3 /* YUMainViewController.m in Sources */ = {isa = PBXBuildFile; fileRef = 9A5941921B71AFAC00DD0CE3 /* YUMainViewController.m */; };
		9A5941971B71B13500DD0CE3 /* UIView+YUStyle.m in Sources */ = {isa = PBXBuildFile; fileRef = 9A5941961B71B13500DD0CE3 /* UIView+YUStyle.m */; };
		9A59419B1B71B1C400DD0CE3 /* UIColor+GameColor.m in Sources */ = {isa = PBXBuildFile; fileRef = 9A59419A1B71B1C400DD0CE3 /* UIColor+GameColor.m */; };
		9A5941A01B71B4A600DD0CE3 /* SocreView.m in Sources */ = {isa = PBXBuildFile; fileRef = 9A59419F1B71B4A600DD0CE3 /* SocreView.m */; };
		9A5941A41B71E2A700DD0CE3 /* GameZoneView.m in Sources */ = {isa = PBXBuildFile; fileRef = 9A5941A31B71E2A700DD0CE3 /* GameZoneView.m */; };
		9A5941A71B71E85D00DD0CE3 /* SnakeBodyView.m in Sources */ = {isa = PBXBuildFile; fileRef = 9A5941A61B71E85D00DD0CE3 /* SnakeBodyView.m */; };
		9A5941AE1B71F33D00DD0CE3 /* RowCol.m in Sources */ = {isa = PBXBuildFile; fileRef = 9A5941AD1B71F33D00DD0CE3 /* RowCol.m */; };
/* End PBXBuildFile section */

/* Begin PBXContainerItemProxy section */
		9A59417D1B71A9FE00DD0CE3 /* PBXContainerItemProxy */ = {
			isa = PBXContainerItemProxy;
			containerPortal = 9A5941581B71A9FD00DD0CE3 /* Project object */;
			proxyType = 1;
			remoteGlobalIDString = 9A59415F1B71A9FD00DD0CE3;
			remoteInfo = Snake;
		};
/* End PBXContainerItemProxy section */

/* Begin PBXFileReference section */
		9A3475B91B72F8B300D5F337 /* GameZoneModel.h */ = {isa = PBXFileReference; fileEncoding = 4; lastKnownFileType = sourcecode.c.h; path = GameZoneModel.h; sourceTree = "<group>"; };
		9A3475BA1B72F8B300D5F337 /* GameZoneModel.m */ = {isa = PBXFileReference; fileEncoding = 4; lastKnownFileType = sourcecode.c.objc; path = GameZoneModel.m; sourceTree = "<group>"; };
		9A3475BC1B730B7600D5F337 /* Fruit.h */ = {isa = PBXFileReference; fileEncoding = 4; lastKnownFileType = sourcecode.c.h; path = Fruit.h; sourceTree = "<group>"; };
		9A3475BD1B730B7600D5F337 /* Fruit.m */ = {isa = PBXFileReference; fileEncoding = 4; lastKnownFileType = sourcecode.c.objc; path = Fruit.m; sourceTree = "<group>"; };
		9A3475BF1B73128100D5F337 /* CONST_FRUITE_TYPE.h */ = {isa = PBXFileReference; lastKnownFileType = sourcecode.c.h; path = CONST_FRUITE_TYPE.h; sourceTree = "<group>"; };
		9A3475C01B734F6A00D5F337 /* YUSoundCenter.h */ = {isa = PBXFileReference; fileEncoding = 4; lastKnownFileType = sourcecode.c.h; path = YUSoundCenter.h; sourceTree = "<group>"; };
		9A3475C11B734F6A00D5F337 /* YUSoundCenter.m */ = {isa = PBXFileReference; fileEncoding = 4; lastKnownFileType = sourcecode.c.objc; path = YUSoundCenter.m; sourceTree = "<group>"; };
		9A3475C31B7350F300D5F337 /* CONST_GAME_ZONE_MODEL.h */ = {isa = PBXFileReference; lastKnownFileType = sourcecode.c.h; path = CONST_GAME_ZONE_MODEL.h; sourceTree = "<group>"; };
		9A5941601B71A9FD00DD0CE3 /* Snake.app */ = {isa = PBXFileReference; explicitFileType = wrapper.application; includeInIndex = 0; path = Snake.app; sourceTree = BUILT_PRODUCTS_DIR; };
		9A5941641B71A9FD00DD0CE3 /* Info.plist */ = {isa = PBXFileReference; lastKnownFileType = text.plist.xml; path = Info.plist; sourceTree = "<group>"; };
		9A5941651B71A9FD00DD0CE3 /* main.m */ = {isa = PBXFileReference; lastKnownFileType = sourcecode.c.objc; path = main.m; sourceTree = "<group>"; };
		9A5941671B71A9FD00DD0CE3 /* AppDelegate.h */ = {isa = PBXFileReference; lastKnownFileType = sourcecode.c.h; path = AppDelegate.h; sourceTree = "<group>"; };
		9A5941681B71A9FD00DD0CE3 /* AppDelegate.m */ = {isa = PBXFileReference; lastKnownFileType = sourcecode.c.objc; path = AppDelegate.m; sourceTree = "<group>"; };
		9A59416B1B71A9FD00DD0CE3 /* Snake.xcdatamodel */ = {isa = PBXFileReference; lastKnownFileType = wrapper.xcdatamodel; path = Snake.xcdatamodel; sourceTree = "<group>"; };
		9A59416D1B71A9FD00DD0CE3 /* ViewController.h */ = {isa = PBXFileReference; lastKnownFileType = sourcecode.c.h; path = ViewController.h; sourceTree = "<group>"; };
		9A59416E1B71A9FD00DD0CE3 /* ViewController.m */ = {isa = PBXFileReference; lastKnownFileType = sourcecode.c.objc; path = ViewController.m; sourceTree = "<group>"; };
		9A5941731B71A9FE00DD0CE3 /* Images.xcassets */ = {isa = PBXFileReference; lastKnownFileType = folder.assetcatalog; path = Images.xcassets; sourceTree = "<group>"; };
		9A5941761B71A9FE00DD0CE3 /* Base */ = {isa = PBXFileReference; lastKnownFileType = file.xib; name = Base; path = Base.lproj/LaunchScreen.xib; sourceTree = "<group>"; };
		9A59417C1B71A9FE00DD0CE3 /* SnakeTests.xctest */ = {isa = PBXFileReference; explicitFileType = wrapper.cfbundle; includeInIndex = 0; path = SnakeTests.xctest; sourceTree = BUILT_PRODUCTS_DIR; };
		9A5941811B71A9FE00DD0CE3 /* Info.plist */ = {isa = PBXFileReference; lastKnownFileType = text.plist.xml; path = Info.plist; sourceTree = "<group>"; };
		9A5941821B71A9FE00DD0CE3 /* SnakeTests.m */ = {isa = PBXFileReference; lastKnownFileType = sourcecode.c.objc; path = SnakeTests.m; sourceTree = "<group>"; };
		9A5941911B71AFAC00DD0CE3 /* YUMainViewController.h */ = {isa = PBXFileReference; fileEncoding = 4; lastKnownFileType = sourcecode.c.h; path = YUMainViewController.h; sourceTree = "<group>"; };
		9A5941921B71AFAC00DD0CE3 /* YUMainViewController.m */ = {isa = PBXFileReference; fileEncoding = 4; lastKnownFileType = sourcecode.c.objc; path = YUMainViewController.m; sourceTree = "<group>"; };
		9A5941951B71B13500DD0CE3 /* UIView+YUStyle.h */ = {isa = PBXFileReference; fileEncoding = 4; lastKnownFileType = sourcecode.c.h; path = "UIView+YUStyle.h"; sourceTree = "<group>"; };
		9A5941961B71B13500DD0CE3 /* UIView+YUStyle.m */ = {isa = PBXFileReference; fileEncoding = 4; lastKnownFileType = sourcecode.c.objc; path = "UIView+YUStyle.m"; sourceTree = "<group>"; };
		9A5941991B71B1C400DD0CE3 /* UIColor+GameColor.h */ = {isa = PBXFileReference; fileEncoding = 4; lastKnownFileType = sourcecode.c.h; path = "UIColor+GameColor.h"; sourceTree = "<group>"; };
		9A59419A1B71B1C400DD0CE3 /* UIColor+GameColor.m */ = {isa = PBXFileReference; fileEncoding = 4; lastKnownFileType = sourcecode.c.objc; path = "UIColor+GameColor.m"; sourceTree = "<group>"; };
		9A59419E1B71B4A600DD0CE3 /* SocreView.h */ = {isa = PBXFileReference; fileEncoding = 4; lastKnownFileType = sourcecode.c.h; path = SocreView.h; sourceTree = "<group>"; };
		9A59419F1B71B4A600DD0CE3 /* SocreView.m */ = {isa = PBXFileReference; fileEncoding = 4; lastKnownFileType = sourcecode.c.objc; path = SocreView.m; sourceTree = "<group>"; };
		9A5941A11B71B95200DD0CE3 /* CONST_PUBLIC.h */ = {isa = PBXFileReference; lastKnownFileType = sourcecode.c.h; path = CONST_PUBLIC.h; sourceTree = "<group>"; };
		9A5941A21B71E2A700DD0CE3 /* GameZoneView.h */ = {isa = PBXFileReference; fileEncoding = 4; lastKnownFileType = sourcecode.c.h; path = GameZoneView.h; sourceTree = "<group>"; };
		9A5941A31B71E2A700DD0CE3 /* GameZoneView.m */ = {isa = PBXFileReference; fileEncoding = 4; lastKnownFileType = sourcecode.c.objc; path = GameZoneView.m; sourceTree = "<group>"; };
		9A5941A51B71E85D00DD0CE3 /* SnakeBodyView.h */ = {isa = PBXFileReference; fileEncoding = 4; lastKnownFileType = sourcecode.c.h; path = SnakeBodyView.h; sourceTree = "<group>"; };
		9A5941A61B71E85D00DD0CE3 /* SnakeBodyView.m */ = {isa = PBXFileReference; fileEncoding = 4; lastKnownFileType = sourcecode.c.objc; path = SnakeBodyView.m; sourceTree = "<group>"; };
		9A5941AC1B71F33D00DD0CE3 /* RowCol.h */ = {isa = PBXFileReference; fileEncoding = 4; lastKnownFileType = sourcecode.c.h; path = RowCol.h; sourceTree = "<group>"; };
		9A5941AD1B71F33D00DD0CE3 /* RowCol.m */ = {isa = PBXFileReference; fileEncoding = 4; lastKnownFileType = sourcecode.c.objc; path = RowCol.m; sourceTree = "<group>"; };
/* End PBXFileReference section */

/* Begin PBXFrameworksBuildPhase section */
		9A59415D1B71A9FD00DD0CE3 /* Frameworks */ = {
			isa = PBXFrameworksBuildPhase;
			buildActionMask = 2147483647;
			files = (
			);
			runOnlyForDeploymentPostprocessing = 0;
		};
		9A5941791B71A9FE00DD0CE3 /* Frameworks */ = {
			isa = PBXFrameworksBuildPhase;
			buildActionMask = 2147483647;
			files = (
			);
			runOnlyForDeploymentPostprocessing = 0;
		};
/* End PBXFrameworksBuildPhase section */

/* Begin PBXGroup section */
		9A3475C41B7354DD00D5F337 /* 计分器 */ = {
			isa = PBXGroup;
			children = (
			);
			name = "计分器";
			sourceTree = "<group>";
		};
		9A5941571B71A9FD00DD0CE3 = {
			isa = PBXGroup;
			children = (
				9A5941621B71A9FD00DD0CE3 /* Snake */,
				9A59417F1B71A9FE00DD0CE3 /* SnakeTests */,
				9A5941611B71A9FD00DD0CE3 /* Products */,
			);
			sourceTree = "<group>";
		};
		9A5941611B71A9FD00DD0CE3 /* Products */ = {
			isa = PBXGroup;
			children = (
				9A5941601B71A9FD00DD0CE3 /* Snake.app */,
				9A59417C1B71A9FE00DD0CE3 /* SnakeTests.xctest */,
			);
			name = Products;
			sourceTree = "<group>";
		};
		9A5941621B71A9FD00DD0CE3 /* Snake */ = {
			isa = PBXGroup;
			children = (
				9A5941A81B71E8C700DD0CE3 /* 模型 */,
				9A5941981B71B19700DD0CE3 /* 颜色 */,
				9A5941941B71B12A00DD0CE3 /* 扩展 */,
				9A59418D1B71AAF500DD0CE3 /* 场景 */,
				9A59418C1B71AAEB00DD0CE3 /* 元素 */,
				9A5941671B71A9FD00DD0CE3 /* AppDelegate.h */,
				9A5941681B71A9FD00DD0CE3 /* AppDelegate.m */,
				9A59416D1B71A9FD00DD0CE3 /* ViewController.h */,
				9A59416E1B71A9FD00DD0CE3 /* ViewController.m */,
				9A5941731B71A9FE00DD0CE3 /* Images.xcassets */,
				9A5941751B71A9FE00DD0CE3 /* LaunchScreen.xib */,
				9A59416A1B71A9FD00DD0CE3 /* Snake.xcdatamodeld */,
				9A5941631B71A9FD00DD0CE3 /* Supporting Files */,
			);
			path = Snake;
			sourceTree = "<group>";
		};
		9A5941631B71A9FD00DD0CE3 /* Supporting Files */ = {
			isa = PBXGroup;
			children = (
				9A5941641B71A9FD00DD0CE3 /* Info.plist */,
				9A5941651B71A9FD00DD0CE3 /* main.m */,
			);
			name = "Supporting Files";
			sourceTree = "<group>";
		};
		9A59417F1B71A9FE00DD0CE3 /* SnakeTests */ = {
			isa = PBXGroup;
			children = (
				9A5941821B71A9FE00DD0CE3 /* SnakeTests.m */,
				9A5941801B71A9FE00DD0CE3 /* Supporting Files */,
			);
			path = SnakeTests;
			sourceTree = "<group>";
		};
		9A5941801B71A9FE00DD0CE3 /* Supporting Files */ = {
			isa = PBXGroup;
			children = (
				9A5941811B71A9FE00DD0CE3 /* Info.plist */,
			);
			name = "Supporting Files";
			sourceTree = "<group>";
		};
		9A59418C1B71AAEB00DD0CE3 /* 元素 */ = {
			isa = PBXGroup;
			children = (
				9A59419D1B71B44D00DD0CE3 /* 游戏区 */,
				9A59419C1B71B43C00DD0CE3 /* 分数牌 */,
				9A5941901B71AE0600DD0CE3 /* 果子 */,
				9A59418F1B71ADFA00DD0CE3 /* 蛇身 */,
			);
			name = "元素";
			sourceTree = "<group>";
		};
		9A59418D1B71AAF500DD0CE3 /* 场景 */ = {
			isa = PBXGroup;
			children = (
				9A59418E1B71ADF200DD0CE3 /* 主界面 */,
			);
			name = "场景";
			sourceTree = "<group>";
		};
		9A59418E1B71ADF200DD0CE3 /* 主界面 */ = {
			isa = PBXGroup;
			children = (
				9A5941911B71AFAC00DD0CE3 /* YUMainViewController.h */,
				9A5941921B71AFAC00DD0CE3 /* YUMainViewController.m */,
			);
			name = "主界面";
			sourceTree = "<group>";
		};
		9A59418F1B71ADFA00DD0CE3 /* 蛇身 */ = {
			isa = PBXGroup;
			children = (
				9A5941A51B71E85D00DD0CE3 /* SnakeBodyView.h */,
				9A5941A61B71E85D00DD0CE3 /* SnakeBodyView.m */,
			);
			name = "蛇身";
			sourceTree = "<group>";
		};
		9A5941901B71AE0600DD0CE3 /* 果子 */ = {
			isa = PBXGroup;
			children = (
				9A3475BC1B730B7600D5F337 /* Fruit.h */,
				9A3475BD1B730B7600D5F337 /* Fruit.m */,
			);
			name = "果子";
			sourceTree = "<group>";
		};
		9A5941941B71B12A00DD0CE3 /* 扩展 */ = {
			isa = PBXGroup;
			children = (
				9A3475C01B734F6A00D5F337 /* YUSoundCenter.h */,
				9A3475C11B734F6A00D5F337 /* YUSoundCenter.m */,
				9A5941A11B71B95200DD0CE3 /* CONST_PUBLIC.h */,
				9A5941951B71B13500DD0CE3 /* UIView+YUStyle.h */,
				9A5941961B71B13500DD0CE3 /* UIView+YUStyle.m */,
			);
			name = "扩展";
			sourceTree = "<group>";
		};
		9A5941981B71B19700DD0CE3 /* 颜色 */ = {
			isa = PBXGroup;
			children = (
				9A5941991B71B1C400DD0CE3 /* UIColor+GameColor.h */,
				9A59419A1B71B1C400DD0CE3 /* UIColor+GameColor.m */,
			);
			name = "颜色";
			sourceTree = "<group>";
		};
		9A59419C1B71B43C00DD0CE3 /* 分数牌 */ = {
			isa = PBXGroup;
			children = (
				9A59419E1B71B4A600DD0CE3 /* SocreView.h */,
				9A59419F1B71B4A600DD0CE3 /* SocreView.m */,
			);
			name = "分数牌";
			sourceTree = "<group>";
		};
		9A59419D1B71B44D00DD0CE3 /* 游戏区 */ = {
			isa = PBXGroup;
			children = (
				9A5941A21B71E2A700DD0CE3 /* GameZoneView.h */,
				9A5941A31B71E2A700DD0CE3 /* GameZoneView.m */,
				9A3475BF1B73128100D5F337 /* CONST_FRUITE_TYPE.h */,
			);
			name = "游戏区";
			sourceTree = "<group>";
		};
		9A5941A81B71E8C700DD0CE3 /* 模型 */ = {
			isa = PBXGroup;
			children = (
				9A3475C41B7354DD00D5F337 /* 计分器 */,
				9A5941AC1B71F33D00DD0CE3 /* RowCol.h */,
				9A5941AD1B71F33D00DD0CE3 /* RowCol.m */,
				9A3475B91B72F8B300D5F337 /* GameZoneModel.h */,
				9A3475BA1B72F8B300D5F337 /* GameZoneModel.m */,
				9A3475C31B7350F300D5F337 /* CONST_GAME_ZONE_MODEL.h */,
			);
			name = "模型";
			sourceTree = "<group>";
		};
/* End PBXGroup section */

/* Begin PBXNativeTarget section */
		9A59415F1B71A9FD00DD0CE3 /* Snake */ = {
			isa = PBXNativeTarget;
			buildConfigurationList = 9A5941861B71A9FE00DD0CE3 /* Build configuration list for PBXNativeTarget "Snake" */;
			buildPhases = (
				9A59415C1B71A9FD00DD0CE3 /* Sources */,
				9A59415D1B71A9FD00DD0CE3 /* Frameworks */,
				9A59415E1B71A9FD00DD0CE3 /* Resources */,
			);
			buildRules = (
			);
			dependencies = (
			);
			name = Snake;
			productName = Snake;
			productReference = 9A5941601B71A9FD00DD0CE3 /* Snake.app */;
			productType = "com.apple.product-type.application";
		};
		9A59417B1B71A9FE00DD0CE3 /* SnakeTests */ = {
			isa = PBXNativeTarget;
			buildConfigurationList = 9A5941891B71A9FE00DD0CE3 /* Build configuration list for PBXNativeTarget "SnakeTests" */;
			buildPhases = (
				9A5941781B71A9FE00DD0CE3 /* Sources */,
				9A5941791B71A9FE00DD0CE3 /* Frameworks */,
				9A59417A1B71A9FE00DD0CE3 /* Resources */,
			);
			buildRules = (
			);
			dependencies = (
				9A59417E1B71A9FE00DD0CE3 /* PBXTargetDependency */,
			);
			name = SnakeTests;
			productName = SnakeTests;
			productReference = 9A59417C1B71A9FE00DD0CE3 /* SnakeTests.xctest */;
			productType = "com.apple.product-type.bundle.unit-test";
		};
/* End PBXNativeTarget section */

/* Begin PBXProject section */
		9A5941581B71A9FD00DD0CE3 /* Project object */ = {
			isa = PBXProject;
			attributes = {
				LastUpgradeCheck = 0640;
				ORGANIZATIONNAME = YeXiaYun;
				TargetAttributes = {
					9A59415F1B71A9FD00DD0CE3 = {
						CreatedOnToolsVersion = 6.4;
						DevelopmentTeam = 37N3DTX5XC;
					};
					9A59417B1B71A9FE00DD0CE3 = {
						CreatedOnToolsVersion = 6.4;
						TestTargetID = 9A59415F1B71A9FD00DD0CE3;
					};
				};
			};
			buildConfigurationList = 9A59415B1B71A9FD00DD0CE3 /* Build configuration list for PBXProject "Snake" */;
			compatibilityVersion = "Xcode 3.2";
			developmentRegion = English;
			hasScannedForEncodings = 0;
			knownRegions = (
				en,
				Base,
			);
			mainGroup = 9A5941571B71A9FD00DD0CE3;
			productRefGroup = 9A5941611B71A9FD00DD0CE3 /* Products */;
			projectDirPath = "";
			projectRoot = "";
			targets = (
				9A59415F1B71A9FD00DD0CE3 /* Snake */,
				9A59417B1B71A9FE00DD0CE3 /* SnakeTests */,
			);
		};
/* End PBXProject section */

/* Begin PBXResourcesBuildPhase section */
		9A59415E1B71A9FD00DD0CE3 /* Resources */ = {
			isa = PBXResourcesBuildPhase;
			buildActionMask = 2147483647;
			files = (
				9A5941771B71A9FE00DD0CE3 /* LaunchScreen.xib in Resources */,
				9A5941741B71A9FE00DD0CE3 /* Images.xcassets in Resources */,
			);
			runOnlyForDeploymentPostprocessing = 0;
		};
		9A59417A1B71A9FE00DD0CE3 /* Resources */ = {
			isa = PBXResourcesBuildPhase;
			buildActionMask = 2147483647;
			files = (
			);
			runOnlyForDeploymentPostprocessing = 0;
		};
/* End PBXResourcesBuildPhase section */

/* Begin PBXSourcesBuildPhase section */
		9A59415C1B71A9FD00DD0CE3 /* Sources */ = {
			isa = PBXSourcesBuildPhase;
			buildActionMask = 2147483647;
			files = (
				9A5941AE1B71F33D00DD0CE3 /* RowCol.m in Sources */,
				9A3475BB1B72F8B300D5F337 /* GameZoneModel.m in Sources */,
				9A59416C1B71A9FD00DD0CE3 /* Snake.xcdatamodeld in Sources */,
				9A5941931B71AFAC00DD0CE3 /* YUMainViewController.m in Sources */,
				9A3475BE1B730B7600D5F337 /* Fruit.m in Sources */,
				9A5941A01B71B4A600DD0CE3 /* SocreView.m in Sources */,
				9A5941A71B71E85D00DD0CE3 /* SnakeBodyView.m in Sources */,
				9A59419B1B71B1C400DD0CE3 /* UIColor+GameColor.m in Sources */,
				9A3475C21B734F6A00D5F337 /* YUSoundCenter.m in Sources */,
				9A5941971B71B13500DD0CE3 /* UIView+YUStyle.m in Sources */,
				9A5941691B71A9FD00DD0CE3 /* AppDelegate.m in Sources */,
				9A59416F1B71A9FD00DD0CE3 /* ViewController.m in Sources */,
				9A5941661B71A9FD00DD0CE3 /* main.m in Sources */,
				9A5941A41B71E2A700DD0CE3 /* GameZoneView.m in Sources */,
			);
			runOnlyForDeploymentPostprocessing = 0;
		};
		9A5941781B71A9FE00DD0CE3 /* Sources */ = {
			isa = PBXSourcesBuildPhase;
			buildActionMask = 2147483647;
			files = (
				9A5941831B71A9FE00DD0CE3 /* SnakeTests.m in Sources */,
			);
			runOnlyForDeploymentPostprocessing = 0;
		};
/* End PBXSourcesBuildPhase section */

/* Begin PBXTargetDependency section */
		9A59417E1B71A9FE00DD0CE3 /* PBXTargetDependency */ = {
			isa = PBXTargetDependency;
			target = 9A59415F1B71A9FD00DD0CE3 /* Snake */;
			targetProxy = 9A59417D1B71A9FE00DD0CE3 /* PBXContainerItemProxy */;
		};
/* End PBXTargetDependency section */

/* Begin PBXVariantGroup section */
		9A5941751B71A9FE00DD0CE3 /* LaunchScreen.xib */ = {
			isa = PBXVariantGroup;
			children = (
				9A5941761B71A9FE00DD0CE3 /* Base */,
			);
			name = LaunchScreen.xib;
			sourceTree = "<group>";
		};
/* End PBXVariantGroup section */

/* Begin XCBuildConfiguration section */
		9A5941841B71A9FE00DD0CE3 /* Debug */ = {
			isa = XCBuildConfiguration;
			buildSettings = {
				ALWAYS_SEARCH_USER_PATHS = NO;
				CLANG_CXX_LANGUAGE_STANDARD = "gnu++0x";
				CLANG_CXX_LIBRARY = "libc++";
				CLANG_ENABLE_MODULES = YES;
				CLANG_ENABLE_OBJC_ARC = YES;
				CLANG_WARN_BOOL_CONVERSION = YES;
				CLANG_WARN_CONSTANT_CONVERSION = YES;
				CLANG_WARN_DIRECT_OBJC_ISA_USAGE = YES_ERROR;
				CLANG_WARN_EMPTY_BODY = YES;
				CLANG_WARN_ENUM_CONVERSION = YES;
				CLANG_WARN_INT_CONVERSION = YES;
				CLANG_WARN_OBJC_ROOT_CLASS = YES_ERROR;
				CLANG_WARN_UNREACHABLE_CODE = YES;
				CLANG_WARN__DUPLICATE_METHOD_MATCH = YES;
				"CODE_SIGN_IDENTITY[sdk=iphoneos*]" = "iPhone Developer";
				COPY_PHASE_STRIP = NO;
				DEBUG_INFORMATION_FORMAT = "dwarf-with-dsym";
				ENABLE_STRICT_OBJC_MSGSEND = YES;
				GCC_C_LANGUAGE_STANDARD = gnu99;
				GCC_DYNAMIC_NO_PIC = NO;
				GCC_NO_COMMON_BLOCKS = YES;
				GCC_OPTIMIZATION_LEVEL = 0;
				GCC_PREPROCESSOR_DEFINITIONS = (
					"DEBUG=1",
					"$(inherited)",
				);
				GCC_SYMBOLS_PRIVATE_EXTERN = NO;
				GCC_WARN_64_TO_32_BIT_CONVERSION = YES;
				GCC_WARN_ABOUT_RETURN_TYPE = YES_ERROR;
				GCC_WARN_UNDECLARED_SELECTOR = YES;
				GCC_WARN_UNINITIALIZED_AUTOS = YES_AGGRESSIVE;
				GCC_WARN_UNUSED_FUNCTION = YES;
				GCC_WARN_UNUSED_VARIABLE = YES;
				IPHONEOS_DEPLOYMENT_TARGET = 8.4;
				MTL_ENABLE_DEBUG_INFO = YES;
				ONLY_ACTIVE_ARCH = YES;
				SDKROOT = iphoneos;
			};
			name = Debug;
		};
		9A5941851B71A9FE00DD0CE3 /* Release */ = {
			isa = XCBuildConfiguration;
			buildSettings = {
				ALWAYS_SEARCH_USER_PATHS = NO;
				CLANG_CXX_LANGUAGE_STANDARD = "gnu++0x";
				CLANG_CXX_LIBRARY = "libc++";
				CLANG_ENABLE_MODULES = YES;
				CLANG_ENABLE_OBJC_ARC = YES;
				CLANG_WARN_BOOL_CONVERSION = YES;
				CLANG_WARN_CONSTANT_CONVERSION = YES;
				CLANG_WARN_DIRECT_OBJC_ISA_USAGE = YES_ERROR;
				CLANG_WARN_EMPTY_BODY = YES;
				CLANG_WARN_ENUM_CONVERSION = YES;
				CLANG_WARN_INT_CONVERSION = YES;
				CLANG_WARN_OBJC_ROOT_CLASS = YES_ERROR;
				CLANG_WARN_UNREACHABLE_CODE = YES;
				CLANG_WARN__DUPLICATE_METHOD_MATCH = YES;
				"CODE_SIGN_IDENTITY[sdk=iphoneos*]" = "iPhone Developer";
				COPY_PHASE_STRIP = NO;
				DEBUG_INFORMATION_FORMAT = "dwarf-with-dsym";
				ENABLE_NS_ASSERTIONS = NO;
				ENABLE_STRICT_OBJC_MSGSEND = YES;
				GCC_C_LANGUAGE_STANDARD = gnu99;
				GCC_NO_COMMON_BLOCKS = YES;
				GCC_WARN_64_TO_32_BIT_CONVERSION = YES;
				GCC_WARN_ABOUT_RETURN_TYPE = YES_ERROR;
				GCC_WARN_UNDECLARED_SELECTOR = YES;
				GCC_WARN_UNINITIALIZED_AUTOS = YES_AGGRESSIVE;
				GCC_WARN_UNUSED_FUNCTION = YES;
				GCC_WARN_UNUSED_VARIABLE = YES;
				IPHONEOS_DEPLOYMENT_TARGET = 8.4;
				MTL_ENABLE_DEBUG_INFO = NO;
				SDKROOT = iphoneos;
				VALIDATE_PRODUCT = YES;
			};
			name = Release;
		};
		9A5941871B71A9FE00DD0CE3 /* Debug */ = {
			isa = XCBuildConfiguration;
			buildSettings = {
				ASSETCATALOG_COMPILER_APPICON_NAME = AppIcon;
				CODE_SIGN_IDENTITY = "iPhone Developer";
				INFOPLIST_FILE = Snake/Info.plist;
				IPHONEOS_DEPLOYMENT_TARGET = 7.0;
				LD_RUNPATH_SEARCH_PATHS = "$(inherited) @executable_path/Frameworks";
				PRODUCT_NAME = "$(TARGET_NAME)";
			};
			name = Debug;
		};
		9A5941881B71A9FE00DD0CE3 /* Release */ = {
			isa = XCBuildConfiguration;
			buildSettings = {
				ASSETCATALOG_COMPILER_APPICON_NAME = AppIcon;
				CODE_SIGN_IDENTITY = "iPhone Developer";
				INFOPLIST_FILE = Snake/Info.plist;
				IPHONEOS_DEPLOYMENT_TARGET = 7.0;
				LD_RUNPATH_SEARCH_PATHS = "$(inherited) @executable_path/Frameworks";
				PRODUCT_NAME = "$(TARGET_NAME)";
			};
			name = Release;
		};
		9A59418A1B71A9FE00DD0CE3 /* Debug */ = {
			isa = XCBuildConfiguration;
			buildSettings = {
				BUNDLE_LOADER = "$(TEST_HOST)";
				FRAMEWORK_SEARCH_PATHS = (
					"$(SDKROOT)/Developer/Library/Frameworks",
					"$(inherited)",
				);
				GCC_PREPROCESSOR_DEFINITIONS = (
					"DEBUG=1",
					"$(inherited)",
				);
				INFOPLIST_FILE = SnakeTests/Info.plist;
				LD_RUNPATH_SEARCH_PATHS = "$(inherited) @executable_path/Frameworks @loader_path/Frameworks";
				PRODUCT_NAME = "$(TARGET_NAME)";
				TEST_HOST = "$(BUILT_PRODUCTS_DIR)/Snake.app/Snake";
			};
			name = Debug;
		};
		9A59418B1B71A9FE00DD0CE3 /* Release */ = {
			isa = XCBuildConfiguration;
			buildSettings = {
				BUNDLE_LOADER = "$(TEST_HOST)";
				FRAMEWORK_SEARCH_PATHS = (
					"$(SDKROOT)/Developer/Library/Frameworks",
					"$(inherited)",
				);
				INFOPLIST_FILE = SnakeTests/Info.plist;
				LD_RUNPATH_SEARCH_PATHS = "$(inherited) @executable_path/Frameworks @loader_path/Frameworks";
				PRODUCT_NAME = "$(TARGET_NAME)";
				TEST_HOST = "$(BUILT_PRODUCTS_DIR)/Snake.app/Snake";
			};
			name = Release;
		};
/* End XCBuildConfiguration section */

/* Begin XCConfigurationList section */
		9A59415B1B71A9FD00DD0CE3 /* Build configuration list for PBXProject "Snake" */ = {
			isa = XCConfigurationList;
			buildConfigurations = (
				9A5941841B71A9FE00DD0CE3 /* Debug */,
				9A5941851B71A9FE00DD0CE3 /* Release */,
			);
			defaultConfigurationIsVisible = 0;
			defaultConfigurationName = Release;
		};
		9A5941861B71A9FE00DD0CE3 /* Build configuration list for PBXNativeTarget "Snake" */ = {
			isa = XCConfigurationList;
			buildConfigurations = (
				9A5941871B71A9FE00DD0CE3 /* Debug */,
				9A5941881B71A9FE00DD0CE3 /* Release */,
			);
			defaultConfigurationIsVisible = 0;
			defaultConfigurationName = Release;
		};
		9A5941891B71A9FE00DD0CE3 /* Build configuration list for PBXNativeTarget "SnakeTests" */ = {
			isa = XCConfigurationList;
			buildConfigurations = (
				9A59418A1B71A9FE00DD0CE3 /* Debug */,
				9A59418B1B71A9FE00DD0CE3 /* Release */,
			);
			defaultConfigurationIsVisible = 0;
			defaultConfigurationName = Release;
		};
/* End XCConfigurationList section */

/* Begin XCVersionGroup section */
		9A59416A1B71A9FD00DD0CE3 /* Snake.xcdatamodeld */ = {
			isa = XCVersionGroup;
			children = (
				9A59416B1B71A9FD00DD0CE3 /* Snake.xcdatamodel */,
			);
			currentVersion = 9A59416B1B71A9FD00DD0CE3 /* Snake.xcdatamodel */;
			path = Snake.xcdatamodeld;
			sourceTree = "<group>";
			versionGroupType = wrapper.xcdatamodel;
		};
/* End XCVersionGroup section */
	};
	rootObject = 9A5941581B71A9FD00DD0CE3 /* Project object */;
}
